
Microsoft Visual Studio Solution File, Format Version 12.00
# Visual Studio 15
VisualStudioVersion = 15.0.28307.1525
MinimumVisualStudioVersion = 10.0.40219.1
Project("{FAE04EC0-301F-11D3-BF4B-00C04F79EFBC}") = "ShoeStore", "ShoeStore\ShoeStore.csproj", "{7E445CE8-6D50-443F-BDE0-8A8545ADE837}"
EndProject
Global
	GlobalSection(SolutionConfigurationPlatforms) = preSolution
		Debug|Any CPU = Debug|Any CPU
		Release|Any CPU = Release|Any CPU
	EndGlobalSection
	GlobalSection(ProjectConfigurationPlatforms) = postSolution
		{7E445CE8-6D50-443F-BDE0-8A8545ADE837}.Debug|Any CPU.ActiveCfg = Debug|Any CPU
		{7E445CE8-6D50-443F-BDE0-8A8545ADE837}.Debug|Any CPU.Build.0 = Debug|Any CPU
		{7E445CE8-6D50-443F-BDE0-8A8545ADE837}.Release|Any CPU.ActiveCfg = Release|Any CPU
		{7E445CE8-6D50-443F-BDE0-8A8545ADE837}.Release|Any CPU.Build.0 = Release|Any CPU
	EndGlobalSection
	GlobalSection(SolutionProperties) = preSolution
		HideSolutionNode = FALSE
	EndGlobalSection
	GlobalSection(ExtensibilityGlobals) = postSolution
		SolutionGuid = {7F39E400-6453-4FCA-8EEC-5821DE34DA68}
	EndGlobalSection
EndGlobal
